github.com/mvellucci100/MSDS431Week9_Repo1 v0.0.0-20241206233917-6342295f7eee h1:8d7Mx+X+XNFpNKHiy5OKGuyKfZVoI+3SMNEC3h13/fU=
github.com/mvellucci100/MSDS431Week9_Repo1 v0.0.0-20241206233917-6342295f7eee/go.mod h1:fNTHehDr/OuQHAB0GgXJHKqv6inW8STIoHUEv/12gAk=
github.com/mvellucci100/MSDS431Week9_TrimMedMean v0.0.0-20241207001341-ca14cbab7e9d h1:JeBw6N5WbB552SusHYFpIfUR/tATcg0kzqjFGFtTji4=
github.com/mvellucci100/MSDS431Week9_TrimMedMean v0.0.0-20241207001341-ca14cbab7e9d/go.mod h1:LiN+1AapyvHwbQsar8vN+cYmLFcVrS7OQD3zL4EwLwk=
github.com/mvellucci100/MSDS431Week9_TrimMedMean v0.0.0-20241207001931-c9ee6d8e6ba5 h1:HjoDwfZfLRfibWwsEZzB435ptjLlVDNQ+GuyQ/sNqGw=
github.com/mvellucci100/MSDS431Week9_TrimMedMean v0.0.0-20241207001931-c9ee6d8e6ba5/go.mod h1:yeYMEiSe+Le+AhFJrhtPzchOtN+lJcGYNZbrF9plL9Y=
